
Microsoft Visual Studio Solution File, Format Version 12.00
# Visual Studio Version 16
VisualStudioVersion = 16.0.29324.140
MinimumVisualStudioVersion = 10.0.40219.1
Project("{9A19103F-16F7-4668-BE54-9A1E7A4F7556}") = "AspNetCoreWebApi", "AspNetCoreWebApi\AspNetCoreWebApi.csproj", "{BE56BEB6-FA9A-4D24-A898-307BF0B2AB26}"
EndProject
Project("{9A19103F-16F7-4668-BE54-9A1E7A4F7556}") = "AspNetCoreWebApiTests", "AspNetCoreWebApiTests\AspNetCoreWebApiTests.csproj", "{55EBB0AA-E79E-4D00-BE2A-FAB024CD0D51}"
EndProject
Global
	GlobalSection(SolutionConfigurationPlatforms) = preSolution
		Debug|Any CPU = Debug|Any CPU
		Release|Any CPU = Release|Any CPU
	EndGlobalSection
	GlobalSection(ProjectConfigurationPlatforms) = postSolution
		{BE56BEB6-FA9A-4D24-A898-307BF0B2AB26}.Debug|Any CPU.ActiveCfg = Debug|Any CPU
		{BE56BEB6-FA9A-4D24-A898-307BF0B2AB26}.Debug|Any CPU.Build.0 = Debug|Any CPU
		{BE56BEB6-FA9A-4D24-A898-307BF0B2AB26}.Release|Any CPU.ActiveCfg = Release|Any CPU
		{BE56BEB6-FA9A-4D24-A898-307BF0B2AB26}.Release|Any CPU.Build.0 = Release|Any CPU
		{55EBB0AA-E79E-4D00-BE2A-FAB024CD0D51}.Debug|Any CPU.ActiveCfg = Debug|Any CPU
		{55EBB0AA-E79E-4D00-BE2A-FAB024CD0D51}.Debug|Any CPU.Build.0 = Debug|Any CPU
		{55EBB0AA-E79E-4D00-BE2A-FAB024CD0D51}.Release|Any CPU.ActiveCfg = Release|Any CPU
		{55EBB0AA-E79E-4D00-BE2A-FAB024CD0D51}.Release|Any CPU.Build.0 = Release|Any CPU
	EndGlobalSection
	GlobalSection(SolutionProperties) = preSolution
		HideSolutionNode = FALSE
	EndGlobalSection
	GlobalSection(ExtensibilityGlobals) = postSolution
		SolutionGuid = {776C3708-A4B6-4512-9106-826471D9EE8B}
	EndGlobalSection
EndGlobal
